
Microsoft Visual Studio Solution File, Format Version 12.00
# Visual Studio Version 17
VisualStudioVersion = 17.14.36408.4 d17.14
MinimumVisualStudioVersion = 10.0.40219.1
Project("{FAE04EC0-301F-11D3-BF4B-00C04F79EFBC}") = "ProjeDeneme", "ProjeDeneme.csproj", "{0BDD5D19-0FC6-4111-AC30-C091BA405E81}"
EndProject
Global
	GlobalSection(SolutionConfigurationPlatforms) = preSolution
		Debug|Any CPU = Debug|Any CPU
		Release|Any CPU = Release|Any CPU
	EndGlobalSection
	GlobalSection(ProjectConfigurationPlatforms) = postSolution
		{0BDD5D19-0FC6-4111-AC30-C091BA405E81}.Debug|Any CPU.ActiveCfg = Debug|Any CPU
		{0BDD5D19-0FC6-4111-AC30-C091BA405E81}.Debug|Any CPU.Build.0 = Debug|Any CPU
		{0BDD5D19-0FC6-4111-AC30-C091BA405E81}.Release|Any CPU.ActiveCfg = Release|Any CPU
		{0BDD5D19-0FC6-4111-AC30-C091BA405E81}.Release|Any CPU.Build.0 = Release|Any CPU
	EndGlobalSection
	GlobalSection(SolutionProperties) = preSolution
		HideSolutionNode = FALSE
	EndGlobalSection
	GlobalSection(ExtensibilityGlobals) = postSolution
		SolutionGuid = {3F28585C-20CE-4229-84C1-57BD8521AD06}
	EndGlobalSection
EndGlobal
